// !$*UTF8*$!
{
	archiveVersion = 1;
	classes = {
	};
	objectVersion = 56;
	objects = {

/* Begin PBXBuildFile section */
		C4BD89DD29DDEBF00077BE00 /* Desafio1App.swift in Sources */ = {isa = PBXBuildFile; fileRef = C4BD89DC29DDEBF00077BE00 /* Desafio1App.swift */; };
		C4BD89DF29DDEBF00077BE00 /* ContentView.swift in Sources */ = {isa = PBXBuildFile; fileRef = C4BD89DE29DDEBF00077BE00 /* ContentView.swift */; };
		C4BD89E129DDEBF10077BE00 /* Assets.xcassets in Resources */ = {isa = PBXBuildFile; fileRef = C4BD89E029DDEBF10077BE00 /* Assets.xcassets */; };
		C4BD89E429DDEBF10077BE00 /* Preview Assets.xcassets in Resources */ = {isa = PBXBuildFile; fileRef = C4BD89E329DDEBF10077BE00 /* Preview Assets.xcassets */; };
		C4BD89ED29DDEFC00077BE00 /* Desafio2.swift in Sources */ = {isa = PBXBuildFile; fileRef = C4BD89EC29DDEFC00077BE00 /* Desafio2.swift */; };
		C4BD89EF29DDF7BE0077BE00 /* Desafio3.swift in Sources */ = {isa = PBXBuildFile; fileRef = C4BD89EE29DDF7BD0077BE00 /* Desafio3.swift */; };
		C4BD8A1329E480B10077BE00 /* Desafio4.swift in Sources */ = {isa = PBXBuildFile; fileRef = C4BD8A1229E480B10077BE00 /* Desafio4.swift */; };
/* End PBXBuildFile section */

/* Begin PBXFileReference section */
		C4BD89D929DDEBF00077BE00 /* Desafio1.app */ = {isa = PBXFileReference; explicitFileType = wrapper.application; includeInIndex = 0; path = Desafio1.app; sourceTree = BUILT_PRODUCTS_DIR; };
		C4BD89DC29DDEBF00077BE00 /* Desafio1App.swift */ = {isa = PBXFileReference; lastKnownFileType = sourcecode.swift; path = Desafio1App.swift; sourceTree = "<group>"; };
		C4BD89DE29DDEBF00077BE00 /* ContentView.swift */ = {isa = PBXFileReference; lastKnownFileType = sourcecode.swift; path = ContentView.swift; sourceTree = "<group>"; };
		C4BD89E029DDEBF10077BE00 /* Assets.xcassets */ = {isa = PBXFileReference; lastKnownFileType = folder.assetcatalog; path = Assets.xcassets; sourceTree = "<group>"; };
		C4BD89E329DDEBF10077BE00 /* Preview Assets.xcassets */ = {isa = PBXFileReference; lastKnownFileType = folder.assetcatalog; path = "Preview Assets.xcassets"; sourceTree = "<group>"; };
		C4BD89EC29DDEFC00077BE00 /* Desafio2.swift */ = {isa = PBXFileReference; lastKnownFileType = sourcecode.swift; path = Desafio2.swift; sourceTree = "<group>"; };
		C4BD89EE29DDF7BD0077BE00 /* Desafio3.swift */ = {isa = PBXFileReference; lastKnownFileType = sourcecode.swift; path = Desafio3.swift; sourceTree = "<group>"; };
		C4BD8A1229E480B10077BE00 /* Desafio4.swift */ = {isa = PBXFileReference; lastKnownFileType = sourcecode.swift; path = Desafio4.swift; sourceTree = "<group>"; };
/* End PBXFileReference section */

/* Begin PBXFrameworksBuildPhase section */
		C4BD89D629DDEBF00077BE00 /* Frameworks */ = {
			isa = PBXFrameworksBuildPhase;
			buildActionMask = 2147483647;
			files = (
			);
			runOnlyForDeploymentPostprocessing = 0;
		};
/* End PBXFrameworksBuildPhase section */

/* Begin PBXGroup section */
		C4BD89D029DDEBF00077BE00 = {
			isa = PBXGroup;
			children = (
				C4BD89DB29DDEBF00077BE00 /* Desafio1 */,
				C4BD89DA29DDEBF00077BE00 /* Products */,
			);
			sourceTree = "<group>";
		};
		C4BD89DA29DDEBF00077BE00 /* Products */ = {
			isa = PBXGroup;
			children = (
				C4BD89D929DDEBF00077BE00 /* Desafio1.app */,
			);
			name = Products;
			sourceTree = "<group>";
		};
		C4BD89DB29DDEBF00077BE00 /* Desafio1 */ = {
			isa = PBXGroup;
			children = (
				C4BD89EC29DDEFC00077BE00 /* Desafio2.swift */,
				C4BD89DC29DDEBF00077BE00 /* Desafio1App.swift */,
				C4BD89DE29DDEBF00077BE00 /* ContentView.swift */,
				C4BD89E029DDEBF10077BE00 /* Assets.xcassets */,
				C4BD89EE29DDF7BD0077BE00 /* Desafio3.swift */,
				C4BD8A1229E480B10077BE00 /* Desafio4.swift */,
				C4BD89E229DDEBF10077BE00 /* Preview Content */,
			);
			path = Desafio1;
			sourceTree = "<group>";
		};
		C4BD89E229DDEBF10077BE00 /* Preview Content */ = {
			isa = PBXGroup;
			children = (
				C4BD89E329DDEBF10077BE00 /* Preview Assets.xcassets */,
			);
			path = "Preview Content";
			sourceTree = "<group>";
		};
/* End PBXGroup section */

/* Begin PBXNativeTarget section */
		C4BD89D829DDEBF00077BE00 /* Desafio1 */ = {
			isa = PBXNativeTarget;
			buildConfigurationList = C4BD89E729DDEBF10077BE00 /* Build configuration list for PBXNativeTarget "Desafio1" */;
			buildPhases = (
				C4BD89D529DDEBF00077BE00 /* Sources */,
				C4BD89D629DDEBF00077BE00 /* Frameworks */,
				C4BD89D729DDEBF00077BE00 /* Resources */,
			);
			buildRules = (
			);
			dependencies = (
			);
			name = Desafio1;
			productName = Desafio1;
			productReference = C4BD89D929DDEBF00077BE00 /* Desafio1.app */;
			productType = "com.apple.product-type.application";
		};
/* End PBXNativeTarget section */

/* Begin PBXProject section */
		C4BD89D129DDEBF00077BE00 /* Project object */ = {
			isa = PBXProject;
			attributes = {
				BuildIndependentTargetsInParallel = 1;
				LastSwiftUpdateCheck = 1420;
				LastUpgradeCheck = 1420;
				TargetAttributes = {
					C4BD89D829DDEBF00077BE00 = {
						CreatedOnToolsVersion = 14.2;
					};
				};
			};
			buildConfigurationList = C4BD89D429DDEBF00077BE00 /* Build configuration list for PBXProject "Desafio1" */;
			compatibilityVersion = "Xcode 14.0";
			developmentRegion = en;
			hasScannedForEncodings = 0;
			knownRegions = (
				en,
				Base,
			);
			mainGroup = C4BD89D029DDEBF00077BE00;
			productRefGroup = C4BD89DA29DDEBF00077BE00 /* Products */;
			projectDirPath = "";
			projectRoot = "";
			targets = (
				C4BD89D829DDEBF00077BE00 /* Desafio1 */,
			);
		};
/* End PBXProject section */

/* Begin PBXResourcesBuildPhase section */
		C4BD89D729DDEBF00077BE00 /* Resources */ = {
			isa = PBXResourcesBuildPhase;
			buildActionMask = 2147483647;
			files = (
				C4BD89E429DDEBF10077BE00 /* Preview Assets.xcassets in Resources */,
				C4BD89E129DDEBF10077BE00 /* Assets.xcassets in Resources */,
			);
			runOnlyForDeploymentPostprocessing = 0;
		};
/* End PBXResourcesBuildPhase section */

/* Begin PBXSourcesBuildPhase section */
		C4BD89D529DDEBF00077BE00 /* Sources */ = {
			isa = PBXSourcesBuildPhase;
			buildActionMask = 2147483647;
			files = (
				C4BD89ED29DDEFC00077BE00 /* Desafio2.swift in Sources */,
				C4BD89DF29DDEBF00077BE00 /* ContentView.swift in Sources */,
				C4BD89DD29DDEBF00077BE00 /* Desafio1App.swift in Sources */,
				C4BD8A1329E480B10077BE00 /* Desafio4.swift in Sources */,
				C4BD89EF29DDF7BE0077BE00 /* Desafio3.swift in Sources */,
			);
			runOnlyForDeploymentPostprocessing = 0;
		};
/* End PBXSourcesBuildPhase section */

/* Begin XCBuildConfiguration section */
		C4BD89E529DDEBF10077BE00 /* Debug */ = {
			isa = XCBuildConfiguration;
			buildSettings = {
				ALWAYS_SEARCH_USER_PATHS = NO;
				CLANG_ANALYZER_NONNULL = YES;
				CLANG_ANALYZER_NUMBER_OBJECT_CONVERSION = YES_AGGRESSIVE;
				CLANG_CXX_LANGUAGE_STANDARD = "gnu++20";
				CLANG_ENABLE_MODULES = YES;
				CLANG_ENABLE_OBJC_ARC = YES;
				CLANG_ENABLE_OBJC_WEAK = YES;
				CLANG_WARN_BLOCK_CAPTURE_AUTORELEASING = YES;
				CLANG_WARN_BOOL_CONVERSION = YES;
				CLANG_WARN_COMMA = YES;
				CLANG_WARN_CONSTANT_CONVERSION = YES;
				CLANG_WARN_DEPRECATED_OBJC_IMPLEMENTATIONS = YES;
				CLANG_WARN_DIRECT_OBJC_ISA_USAGE = YES_ERROR;
				CLANG_WARN_DOCUMENTATION_COMMENTS = YES;
				CLANG_WARN_EMPTY_BODY = YES;
				CLANG_WARN_ENUM_CONVERSION = YES;
				CLANG_WARN_INFINITE_RECURSION = YES;
				CLANG_WARN_INT_CONVERSION = YES;
				CLANG_WARN_NON_LITERAL_NULL_CONVERSION = YES;
				CLANG_WARN_OBJC_IMPLICIT_RETAIN_SELF = YES;
				CLANG_WARN_OBJC_LITERAL_CONVERSION = YES;
				CLANG_WARN_OBJC_ROOT_CLASS = YES_ERROR;
				CLANG_WARN_QUOTED_INCLUDE_IN_FRAMEWORK_HEADER = YES;
				CLANG_WARN_RANGE_LOOP_ANALYSIS = YES;
				CLANG_WARN_STRICT_PROTOTYPES = YES;
				CLANG_WARN_SUSPICIOUS_MOVE = YES;
				CLANG_WARN_UNGUARDED_AVAILABILITY = YES_AGGRESSIVE;
				CLANG_WARN_UNREACHABLE_CODE = YES;
				CLANG_WARN__DUPLICATE_METHOD_MATCH = YES;
				COPY_PHASE_STRIP = NO;
				DEBUG_INFORMATION_FORMAT = dwarf;
				ENABLE_STRICT_OBJC_MSGSEND = YES;
				ENABLE_TESTABILITY = YES;
				GCC_C_LANGUAGE_STANDARD = gnu11;
				GCC_DYNAMIC_NO_PIC = NO;
				GCC_NO_COMMON_BLOCKS = YES;
				GCC_OPTIMIZATION_LEVEL = 0;
				GCC_PREPROCESSOR_DEFINITIONS = (
					"DEBUG=1",
					"$(inherited)",
				);
				GCC_WARN_64_TO_32_BIT_CONVERSION = YES;
				GCC_WARN_ABOUT_RETURN_TYPE = YES_ERROR;
				GCC_WARN_UNDECLARED_SELECTOR = YES;
				GCC_WARN_UNINITIALIZED_AUTOS = YES_AGGRESSIVE;
				GCC_WARN_UNUSED_FUNCTION = YES;
				GCC_WARN_UNUSED_VARIABLE = YES;
				IPHONEOS_DEPLOYMENT_TARGET = 16.2;
				MTL_ENABLE_DEBUG_INFO = INCLUDE_SOURCE;
				MTL_FAST_MATH = YES;
				ONLY_ACTIVE_ARCH = YES;
				SDKROOT = iphoneos;
				SWIFT_ACTIVE_COMPILATION_CONDITIONS = DEBUG;
				SWIFT_OPTIMIZATION_LEVEL = "-Onone";
			};
			name = Debug;
		};
		C4BD89E629DDEBF10077BE00 /* Release */ = {
			isa = XCBuildConfiguration;
			buildSettings = {
				ALWAYS_SEARCH_USER_PATHS = NO;
				CLANG_ANALYZER_NONNULL = YES;
				CLANG_ANALYZER_NUMBER_OBJECT_CONVERSION = YES_AGGRESSIVE;
				CLANG_CXX_LANGUAGE_STANDARD = "gnu++20";
				CLANG_ENABLE_MODULES = YES;
				CLANG_ENABLE_OBJC_ARC = YES;
				CLANG_ENABLE_OBJC_WEAK = YES;
				CLANG_WARN_BLOCK_CAPTURE_AUTORELEASING = YES;
				CLANG_WARN_BOOL_CONVERSION = YES;
				CLANG_WARN_COMMA = YES;
				CLANG_WARN_CONSTANT_CONVERSION = YES;
				CLANG_WARN_DEPRECATED_OBJC_IMPLEMENTATIONS = YES;
				CLANG_WARN_DIRECT_OBJC_ISA_USAGE = YES_ERROR;
				CLANG_WARN_DOCUMENTATION_COMMENTS = YES;
				CLANG_WARN_EMPTY_BODY = YES;
				CLANG_WARN_ENUM_CONVERSION = YES;
				CLANG_WARN_INFINITE_RECURSION = YES;
				CLANG_WARN_INT_CONVERSION = YES;
				CLANG_WARN_NON_LITERAL_NULL_CONVERSION = YES;
				CLANG_WARN_OBJC_IMPLICIT_RETAIN_SELF = YES;
				CLANG_WARN_OBJC_LITERAL_CONVERSION = YES;
				CLANG_WARN_OBJC_ROOT_CLASS = YES_ERROR;
				CLANG_WARN_QUOTED_INCLUDE_IN_FRAMEWORK_HEADER = YES;
				CLANG_WARN_RANGE_LOOP_ANALYSIS = YES;
				CLANG_WARN_STRICT_PROTOTYPES = YES;
				CLANG_WARN_SUSPICIOUS_MOVE = YES;
				CLANG_WARN_UNGUARDED_AVAILABILITY = YES_AGGRESSIVE;
				CLANG_WARN_UNREACHABLE_CODE = YES;
				CLANG_WARN__DUPLICATE_METHOD_MATCH = YES;
				COPY_PHASE_STRIP = NO;
				DEBUG_INFORMATION_FORMAT = "dwarf-with-dsym";
				ENABLE_NS_ASSERTIONS = NO;
				ENABLE_STRICT_OBJC_MSGSEND = YES;
				GCC_C_LANGUAGE_STANDARD = gnu11;
				GCC_NO_COMMON_BLOCKS = YES;
				GCC_WARN_64_TO_32_BIT_CONVERSION = YES;
				GCC_WARN_ABOUT_RETURN_TYPE = YES_ERROR;
				GCC_WARN_UNDECLARED_SELECTOR = YES;
				GCC_WARN_UNINITIALIZED_AUTOS = YES_AGGRESSIVE;
				GCC_WARN_UNUSED_FUNCTION = YES;
				GCC_WARN_UNUSED_VARIABLE = YES;
				IPHONEOS_DEPLOYMENT_TARGET = 16.2;
				MTL_ENABLE_DEBUG_INFO = NO;
				MTL_FAST_MATH = YES;
				SDKROOT = iphoneos;
				SWIFT_COMPILATION_MODE = wholemodule;
				SWIFT_OPTIMIZATION_LEVEL = "-O";
				VALIDATE_PRODUCT = YES;
			};
			name = Release;
		};
		C4BD89E829DDEBF10077BE00 /* Debug */ = {
			isa = XCBuildConfiguration;
			buildSettings = {
				ASSETCATALOG_COMPILER_APPICON_NAME = AppIcon;
				ASSETCATALOG_COMPILER_GLOBAL_ACCENT_COLOR_NAME = AccentColor;
				CODE_SIGN_STYLE = Automatic;
				CURRENT_PROJECT_VERSION = 1;
				DEVELOPMENT_ASSET_PATHS = "\"Desafio1/Preview Content\"";
				ENABLE_PREVIEWS = YES;
				GENERATE_INFOPLIST_FILE = YES;
				INFOPLIST_KEY_UIApplicationSceneManifest_Generation = YES;
				INFOPLIST_KEY_UIApplicationSupportsIndirectInputEvents = YES;
				INFOPLIST_KEY_UILaunchScreen_Generation = YES;
				INFOPLIST_KEY_UISupportedInterfaceOrientations_iPad = "UIInterfaceOrientationPortrait UIInterfaceOrientationPortraitUpsideDown UIInterfaceOrientationLandscapeLeft UIInterfaceOrientationLandscapeRight";
				INFOPLIST_KEY_UISupportedInterfaceOrientations_iPhone = "UIInterfaceOrientationPortrait UIInterfaceOrientationLandscapeLeft UIInterfaceOrientationLandscapeRight";
				LD_RUNPATH_SEARCH_PATHS = (
					"$(inherited)",
					"@executable_path/Frameworks",
				);
				MARKETING_VERSION = 1.0;
				PRODUCT_BUNDLE_IDENTIFIER = com.br.nateba.Desafio1;
				PRODUCT_NAME = "$(TARGET_NAME)";
				SWIFT_EMIT_LOC_STRINGS = YES;
				SWIFT_VERSION = 5.0;
				TARGETED_DEVICE_FAMILY = "1,2";
			};
			name = Debug;
		};
		C4BD89E929DDEBF10077BE00 /* Release */ = {
			isa = XCBuildConfiguration;
			buildSettings = {
				ASSETCATALOG_COMPILER_APPICON_NAME = AppIcon;
				ASSETCATALOG_COMPILER_GLOBAL_ACCENT_COLOR_NAME = AccentColor;
				CODE_SIGN_STYLE = Automatic;
				CURRENT_PROJECT_VERSION = 1;
				DEVELOPMENT_ASSET_PATHS = "\"Desafio1/Preview Content\"";
				ENABLE_PREVIEWS = YES;
				GENERATE_INFOPLIST_FILE = YES;
				INFOPLIST_KEY_UIApplicationSceneManifest_Generation = YES;
				INFOPLIST_KEY_UIApplicationSupportsIndirectInputEvents = YES;
				INFOPLIST_KEY_UILaunchScreen_Generation = YES;
				INFOPLIST_KEY_UISupportedInterfaceOrientations_iPad = "UIInterfaceOrientationPortrait UIInterfaceOrientationPortraitUpsideDown UIInterfaceOrientationLandscapeLeft UIInterfaceOrientationLandscapeRight";
				INFOPLIST_KEY_UISupportedInterfaceOrientations_iPhone = "UIInterfaceOrientationPortrait UIInterfaceOrientationLandscapeLeft UIInterfaceOrientationLandscapeRight";
				LD_RUNPATH_SEARCH_PATHS = (
					"$(inherited)",
					"@executable_path/Frameworks",
				);
				MARKETING_VERSION = 1.0;
				PRODUCT_BUNDLE_IDENTIFIER = com.br.nateba.Desafio1;
				PRODUCT_NAME = "$(TARGET_NAME)";
				SWIFT_EMIT_LOC_STRINGS = YES;
				SWIFT_VERSION = 5.0;
				TARGETED_DEVICE_FAMILY = "1,2";
			};
			name = Release;
		};
/* End XCBuildConfiguration section */

/* Begin XCConfigurationList section */
		C4BD89D429DDEBF00077BE00 /* Build configuration list for PBXProject "Desafio1" */ = {
			isa = XCConfigurationList;
			buildConfigurations = (
				C4BD89E529DDEBF10077BE00 /* Debug */,
				C4BD89E629DDEBF10077BE00 /* Release */,
			);
			defaultConfigurationIsVisible = 0;
			defaultConfigurationName = Release;
		};
		C4BD89E729DDEBF10077BE00 /* Build configuration list for PBXNativeTarget "Desafio1" */ = {
			isa = XCConfigurationList;
			buildConfigurations = (
				C4BD89E829DDEBF10077BE00 /* Debug */,
				C4BD89E929DDEBF10077BE00 /* Release */,
			);
			defaultConfigurationIsVisible = 0;
			defaultConfigurationName = Release;
		};
/* End XCConfigurationList section */
	};
	rootObject = C4BD89D129DDEBF00077BE00 /* Project object */;
}
